// !$*UTF8*$!
{
	archiveVersion = 1;
	classes = {
	};
	objectVersion = 46;
	objects = {

/* Begin PBXBuildFile section */
		453A21D47AEBC8D7A18A342E /* libPods.a in Frameworks */ = {isa = PBXBuildFile; fileRef = 988DA25D5CD9476392BE3886 /* libPods.a */; };
		848532DC1B1E42F5001E6DA3 /* main.m in Sources */ = {isa = PBXBuildFile; fileRef = 848532DB1B1E42F5001E6DA3 /* main.m */; };
		848532DF1B1E42F5001E6DA3 /* AppDelegate.m in Sources */ = {isa = PBXBuildFile; fileRef = 848532DE1B1E42F5001E6DA3 /* AppDelegate.m */; };
		848532E21B1E42F5001E6DA3 /* ADArtistListViewController.m in Sources */ = {isa = PBXBuildFile; fileRef = 848532E11B1E42F5001E6DA3 /* ADArtistListViewController.m */; };
		848532E71B1E42F5001E6DA3 /* Images.xcassets in Resources */ = {isa = PBXBuildFile; fileRef = 848532E61B1E42F5001E6DA3 /* Images.xcassets */; };
		848532EA1B1E42F5001E6DA3 /* LaunchScreen.xib in Resources */ = {isa = PBXBuildFile; fileRef = 848532E81B1E42F5001E6DA3 /* LaunchScreen.xib */; };
		848532F61B1E42F6001E6DA3 /* LastFMTestProjectTests.m in Sources */ = {isa = PBXBuildFile; fileRef = 848532F51B1E42F6001E6DA3 /* LastFMTestProjectTests.m */; };
		848533091B1E47EA001E6DA3 /* ADArtistDetailViewController.m in Sources */ = {isa = PBXBuildFile; fileRef = 848533081B1E47EA001E6DA3 /* ADArtistDetailViewController.m */; };
		8485330C1B1E4823001E6DA3 /* ADAlbumViewController.m in Sources */ = {isa = PBXBuildFile; fileRef = 8485330B1B1E4823001E6DA3 /* ADAlbumViewController.m */; };
		8485330F1B1E49E2001E6DA3 /* ADAPIClient.m in Sources */ = {isa = PBXBuildFile; fileRef = 8485330E1B1E49E2001E6DA3 /* ADAPIClient.m */; };
		848533121B1E4AAC001E6DA3 /* ADAPIClient+Stubs.m in Sources */ = {isa = PBXBuildFile; fileRef = 848533111B1E4AAC001E6DA3 /* ADAPIClient+Stubs.m */; };
		848533151B1E4C07001E6DA3 /* Constants.m in Sources */ = {isa = PBXBuildFile; fileRef = 848533141B1E4C07001E6DA3 /* Constants.m */; };
		848533181B1E4CCA001E6DA3 /* ADNetworkConstants.m in Sources */ = {isa = PBXBuildFile; fileRef = 848533171B1E4CCA001E6DA3 /* ADNetworkConstants.m */; };
		8485331D1B1E4E20001E6DA3 /* ADBaseDataSource.m in Sources */ = {isa = PBXBuildFile; fileRef = 8485331C1B1E4E20001E6DA3 /* ADBaseDataSource.m */; };
		848533201B1E4EAD001E6DA3 /* ADCollectionViewDataSource.m in Sources */ = {isa = PBXBuildFile; fileRef = 8485331F1B1E4EAD001E6DA3 /* ADCollectionViewDataSource.m */; };
		848533271B2249AB001E6DA3 /* ADImageHelper.m in Sources */ = {isa = PBXBuildFile; fileRef = 848533261B2249AB001E6DA3 /* ADImageHelper.m */; };
		8485332A1B236AA4001E6DA3 /* ADAlbumDetailFlowLayout.m in Sources */ = {isa = PBXBuildFile; fileRef = 848533291B236AA4001E6DA3 /* ADAlbumDetailFlowLayout.m */; };
		848533341B238A32001E6DA3 /* ADCellLayoutMetrics.m in Sources */ = {isa = PBXBuildFile; fileRef = 8485332F1B238A32001E6DA3 /* ADCellLayoutMetrics.m */; };
		848533351B238A32001E6DA3 /* ADLayoutMetrics.m in Sources */ = {isa = PBXBuildFile; fileRef = 848533311B238A32001E6DA3 /* ADLayoutMetrics.m */; };
		848533361B238A32001E6DA3 /* ADSupplementaryLayoutMetrics.m in Sources */ = {isa = PBXBuildFile; fileRef = 848533331B238A32001E6DA3 /* ADSupplementaryLayoutMetrics.m */; };
		8485333A1B239976001E6DA3 /* ADAlbumCoverHeaderView.m in Sources */ = {isa = PBXBuildFile; fileRef = 848533391B239976001E6DA3 /* ADAlbumCoverHeaderView.m */; };
		A7E604CC1B20A3DF000095AB /* ADArtistCell.m in Sources */ = {isa = PBXBuildFile; fileRef = A7E604CB1B20A3DF000095AB /* ADArtistCell.m */; };
		A7E604CF1B20A3F7000095AB /* ADAlbumCell.m in Sources */ = {isa = PBXBuildFile; fileRef = A7E604CE1B20A3F7000095AB /* ADAlbumCell.m */; };
		A7E604D21B20A403000095AB /* ADTrackCell.m in Sources */ = {isa = PBXBuildFile; fileRef = A7E604D11B20A403000095AB /* ADTrackCell.m */; };
		A7E88DE31B21BC0C00B9C9AD /* ADLastFMHelper.m in Sources */ = {isa = PBXBuildFile; fileRef = A7E88DE21B21BC0C00B9C9AD /* ADLastFMHelper.m */; };
		A7E88DE61B21C1B500B9C9AD /* ADArtistListFlowLayout.m in Sources */ = {isa = PBXBuildFile; fileRef = A7E88DE51B21C1B500B9C9AD /* ADArtistListFlowLayout.m */; };
		A7E88DE91B21C1C500B9C9AD /* ADArtistDetailFlowLayout.m in Sources */ = {isa = PBXBuildFile; fileRef = A7E88DE81B21C1C500B9C9AD /* ADArtistDetailFlowLayout.m */; };
		A7EAC4BF1B1EFD87004B8A1F /* ADArtist.m in Sources */ = {isa = PBXBuildFile; fileRef = A7EAC4BE1B1EFD87004B8A1F /* ADArtist.m */; };
		A7EAC4C21B1EFD92004B8A1F /* ADAlbum.m in Sources */ = {isa = PBXBuildFile; fileRef = A7EAC4C11B1EFD92004B8A1F /* ADAlbum.m */; };
		A7EAC4C51B1EFDC7004B8A1F /* ADTrack.m in Sources */ = {isa = PBXBuildFile; fileRef = A7EAC4C41B1EFDC7004B8A1F /* ADTrack.m */; };
		A7EAC4C91B1F0784004B8A1F /* ADTimeline.m in Sources */ = {isa = PBXBuildFile; fileRef = A7EAC4C81B1F0784004B8A1F /* ADTimeline.m */; };
		A7EAC4CF1B1F1FE6004B8A1F /* ADArtistViewModel.m in Sources */ = {isa = PBXBuildFile; fileRef = A7EAC4CE1B1F1FE6004B8A1F /* ADArtistViewModel.m */; };
		A7EAC4D21B1F1FF9004B8A1F /* ADAlbumViewModel.m in Sources */ = {isa = PBXBuildFile; fileRef = A7EAC4D11B1F1FF9004B8A1F /* ADAlbumViewModel.m */; };
		A7EAC4D51B1F2009004B8A1F /* ADTrackViewModel.m in Sources */ = {isa = PBXBuildFile; fileRef = A7EAC4D41B1F2009004B8A1F /* ADTrackViewModel.m */; };
		A7EAC4DC1B1F2B0D004B8A1F /* MTLModel+Dictionary.m in Sources */ = {isa = PBXBuildFile; fileRef = A7EAC4D91B1F2B0D004B8A1F /* MTLModel+Dictionary.m */; };
		A7EAC4DD1B1F2B0D004B8A1F /* MTLModel+JSON.m in Sources */ = {isa = PBXBuildFile; fileRef = A7EAC4DB1B1F2B0D004B8A1F /* MTLModel+JSON.m */; };
		A7EAC4E21B1F4081004B8A1F /* ADFeedSubclasses.m in Sources */ = {isa = PBXBuildFile; fileRef = A7EAC4E11B1F4081004B8A1F /* ADFeedSubclasses.m */; };
/* End PBXBuildFile section */

/* Begin PBXContainerItemProxy section */
		848532F01B1E42F6001E6DA3 /* PBXContainerItemProxy */ = {
			isa = PBXContainerItemProxy;
			containerPortal = 848532CE1B1E42F5001E6DA3 /* Project object */;
			proxyType = 1;
			remoteGlobalIDString = 848532D51B1E42F5001E6DA3;
			remoteInfo = LastFMTestProject;
		};
/* End PBXContainerItemProxy section */

/* Begin PBXFileReference section */
		848532D61B1E42F5001E6DA3 /* LastFMTestProject.app */ = {isa = PBXFileReference; explicitFileType = wrapper.application; includeInIndex = 0; path = LastFMTestProject.app; sourceTree = BUILT_PRODUCTS_DIR; };
		848532DA1B1E42F5001E6DA3 /* Info.plist */ = {isa = PBXFileReference; lastKnownFileType = text.plist.xml; path = Info.plist; sourceTree = "<group>"; };
		848532DB1B1E42F5001E6DA3 /* main.m */ = {isa = PBXFileReference; lastKnownFileType = sourcecode.c.objc; path = main.m; sourceTree = "<group>"; };
		848532DD1B1E42F5001E6DA3 /* AppDelegate.h */ = {isa = PBXFileReference; lastKnownFileType = sourcecode.c.h; name = AppDelegate.h; path = LastFMTestProject/App/AppDelegate.h; sourceTree = SOURCE_ROOT; };
		848532DE1B1E42F5001E6DA3 /* AppDelegate.m */ = {isa = PBXFileReference; lastKnownFileType = sourcecode.c.objc; name = AppDelegate.m; path = LastFMTestProject/App/AppDelegate.m; sourceTree = SOURCE_ROOT; };
		848532E01B1E42F5001E6DA3 /* ADArtistListViewController.h */ = {isa = PBXFileReference; lastKnownFileType = sourcecode.c.h; path = ADArtistListViewController.h; sourceTree = "<group>"; };
		848532E11B1E42F5001E6DA3 /* ADArtistListViewController.m */ = {isa = PBXFileReference; lastKnownFileType = sourcecode.c.objc; path = ADArtistListViewController.m; sourceTree = "<group>"; };
		848532E61B1E42F5001E6DA3 /* Images.xcassets */ = {isa = PBXFileReference; lastKnownFileType = folder.assetcatalog; path = Images.xcassets; sourceTree = "<group>"; };
		848532E91B1E42F5001E6DA3 /* Base */ = {isa = PBXFileReference; lastKnownFileType = file.xib; name = Base; path = Base.lproj/LaunchScreen.xib; sourceTree = "<group>"; };
		848532EF1B1E42F6001E6DA3 /* LastFMTestProjectTests.xctest */ = {isa = PBXFileReference; explicitFileType = wrapper.cfbundle; includeInIndex = 0; path = LastFMTestProjectTests.xctest; sourceTree = BUILT_PRODUCTS_DIR; };
		848532F41B1E42F6001E6DA3 /* Info.plist */ = {isa = PBXFileReference; lastKnownFileType = text.plist.xml; path = Info.plist; sourceTree = "<group>"; };
		848532F51B1E42F6001E6DA3 /* LastFMTestProjectTests.m */ = {isa = PBXFileReference; lastKnownFileType = sourcecode.c.objc; path = LastFMTestProjectTests.m; sourceTree = "<group>"; };
		848533071B1E47EA001E6DA3 /* ADArtistDetailViewController.h */ = {isa = PBXFileReference; fileEncoding = 4; lastKnownFileType = sourcecode.c.h; path = ADArtistDetailViewController.h; sourceTree = "<group>"; };
		848533081B1E47EA001E6DA3 /* ADArtistDetailViewController.m */ = {isa = PBXFileReference; fileEncoding = 4; lastKnownFileType = sourcecode.c.objc; path = ADArtistDetailViewController.m; sourceTree = "<group>"; };
		8485330A1B1E4823001E6DA3 /* ADAlbumViewController.h */ = {isa = PBXFileReference; fileEncoding = 4; lastKnownFileType = sourcecode.c.h; path = ADAlbumViewController.h; sourceTree = "<group>"; };
		8485330B1B1E4823001E6DA3 /* ADAlbumViewController.m */ = {isa = PBXFileReference; fileEncoding = 4; lastKnownFileType = sourcecode.c.objc; path = ADAlbumViewController.m; sourceTree = "<group>"; };
		8485330D1B1E49E2001E6DA3 /* ADAPIClient.h */ = {isa = PBXFileReference; fileEncoding = 4; lastKnownFileType = sourcecode.c.h; path = ADAPIClient.h; sourceTree = "<group>"; };
		8485330E1B1E49E2001E6DA3 /* ADAPIClient.m */ = {isa = PBXFileReference; fileEncoding = 4; lastKnownFileType = sourcecode.c.objc; path = ADAPIClient.m; sourceTree = "<group>"; };
		848533101B1E4AAC001E6DA3 /* ADAPIClient+Stubs.h */ = {isa = PBXFileReference; fileEncoding = 4; lastKnownFileType = sourcecode.c.h; path = "ADAPIClient+Stubs.h"; sourceTree = "<group>"; };
		848533111B1E4AAC001E6DA3 /* ADAPIClient+Stubs.m */ = {isa = PBXFileReference; fileEncoding = 4; lastKnownFileType = sourcecode.c.objc; path = "ADAPIClient+Stubs.m"; sourceTree = "<group>"; };
		848533131B1E4C07001E6DA3 /* Constants.h */ = {isa = PBXFileReference; fileEncoding = 4; lastKnownFileType = sourcecode.c.h; path = Constants.h; sourceTree = "<group>"; };
		848533141B1E4C07001E6DA3 /* Constants.m */ = {isa = PBXFileReference; fileEncoding = 4; lastKnownFileType = sourcecode.c.objc; path = Constants.m; sourceTree = "<group>"; };
		848533161B1E4CCA001E6DA3 /* ADNetworkConstants.h */ = {isa = PBXFileReference; fileEncoding = 4; lastKnownFileType = sourcecode.c.h; path = ADNetworkConstants.h; sourceTree = "<group>"; };
		848533171B1E4CCA001E6DA3 /* ADNetworkConstants.m */ = {isa = PBXFileReference; fileEncoding = 4; lastKnownFileType = sourcecode.c.objc; path = ADNetworkConstants.m; sourceTree = "<group>"; };
		848533191B1E4D3E001E6DA3 /* ADModels.h */ = {isa = PBXFileReference; lastKnownFileType = sourcecode.c.h; path = ADModels.h; sourceTree = "<group>"; };
		8485331A1B1E4D49001E6DA3 /* ADViewModels.h */ = {isa = PBXFileReference; lastKnownFileType = sourcecode.c.h; path = ADViewModels.h; sourceTree = "<group>"; };
		8485331B1B1E4E20001E6DA3 /* ADBaseDataSource.h */ = {isa = PBXFileReference; fileEncoding = 4; lastKnownFileType = sourcecode.c.h; path = ADBaseDataSource.h; sourceTree = "<group>"; };
		8485331C1B1E4E20001E6DA3 /* ADBaseDataSource.m */ = {isa = PBXFileReference; fileEncoding = 4; lastKnownFileType = sourcecode.c.objc; path = ADBaseDataSource.m; sourceTree = "<group>"; };
		8485331E1B1E4EAD001E6DA3 /* ADCollectionViewDataSource.h */ = {isa = PBXFileReference; fileEncoding = 4; lastKnownFileType = sourcecode.c.h; path = ADCollectionViewDataSource.h; sourceTree = "<group>"; };
		8485331F1B1E4EAD001E6DA3 /* ADCollectionViewDataSource.m */ = {isa = PBXFileReference; fileEncoding = 4; lastKnownFileType = sourcecode.c.objc; path = ADCollectionViewDataSource.m; sourceTree = "<group>"; };
		848533211B1E4F13001E6DA3 /* Types.h */ = {isa = PBXFileReference; lastKnownFileType = sourcecode.c.h; path = Types.h; sourceTree = "<group>"; };
		848533251B2249AB001E6DA3 /* ADImageHelper.h */ = {isa = PBXFileReference; fileEncoding = 4; lastKnownFileType = sourcecode.c.h; path = ADImageHelper.h; sourceTree = "<group>"; };
		848533261B2249AB001E6DA3 /* ADImageHelper.m */ = {isa = PBXFileReference; fileEncoding = 4; lastKnownFileType = sourcecode.c.objc; path = ADImageHelper.m; sourceTree = "<group>"; };
		848533281B236AA4001E6DA3 /* ADAlbumDetailFlowLayout.h */ = {isa = PBXFileReference; fileEncoding = 4; lastKnownFileType = sourcecode.c.h; path = ADAlbumDetailFlowLayout.h; sourceTree = "<group>"; };
		848533291B236AA4001E6DA3 /* ADAlbumDetailFlowLayout.m */ = {isa = PBXFileReference; fileEncoding = 4; lastKnownFileType = sourcecode.c.objc; path = ADAlbumDetailFlowLayout.m; sourceTree = "<group>"; };
		8485332E1B238A32001E6DA3 /* ADCellLayoutMetrics.h */ = {isa = PBXFileReference; fileEncoding = 4; lastKnownFileType = sourcecode.c.h; path = ADCellLayoutMetrics.h; sourceTree = "<group>"; };
		8485332F1B238A32001E6DA3 /* ADCellLayoutMetrics.m */ = {isa = PBXFileReference; fileEncoding = 4; lastKnownFileType = sourcecode.c.objc; path = ADCellLayoutMetrics.m; sourceTree = "<group>"; };
		848533301B238A32001E6DA3 /* ADLayoutMetrics.h */ = {isa = PBXFileReference; fileEncoding = 4; lastKnownFileType = sourcecode.c.h; path = ADLayoutMetrics.h; sourceTree = "<group>"; };
		848533311B238A32001E6DA3 /* ADLayoutMetrics.m */ = {isa = PBXFileReference; fileEncoding = 4; lastKnownFileType = sourcecode.c.objc; path = ADLayoutMetrics.m; sourceTree = "<group>"; };
		848533321B238A32001E6DA3 /* ADSupplementaryLayoutMetrics.h */ = {isa = PBXFileReference; fileEncoding = 4; lastKnownFileType = sourcecode.c.h; path = ADSupplementaryLayoutMetrics.h; sourceTree = "<group>"; };
		848533331B238A32001E6DA3 /* ADSupplementaryLayoutMetrics.m */ = {isa = PBXFileReference; fileEncoding = 4; lastKnownFileType = sourcecode.c.objc; path = ADSupplementaryLayoutMetrics.m; sourceTree = "<group>"; };
		848533371B238CCF001E6DA3 /* ADCollectionViewMetrics.h */ = {isa = PBXFileReference; lastKnownFileType = sourcecode.c.h; path = ADCollectionViewMetrics.h; sourceTree = "<group>"; };
		848533381B239976001E6DA3 /* ADAlbumCoverHeaderView.h */ = {isa = PBXFileReference; fileEncoding = 4; lastKnownFileType = sourcecode.c.h; path = ADAlbumCoverHeaderView.h; sourceTree = "<group>"; };
		848533391B239976001E6DA3 /* ADAlbumCoverHeaderView.m */ = {isa = PBXFileReference; fileEncoding = 4; lastKnownFileType = sourcecode.c.objc; path = ADAlbumCoverHeaderView.m; sourceTree = "<group>"; };
		93771067284C48A0C0179DE7 /* Pods.release.xcconfig */ = {isa = PBXFileReference; includeInIndex = 1; lastKnownFileType = text.xcconfig; name = Pods.release.xcconfig; path = "Pods/Target Support Files/Pods/Pods.release.xcconfig"; sourceTree = "<group>"; };
		988DA25D5CD9476392BE3886 /* libPods.a */ = {isa = PBXFileReference; explicitFileType = archive.ar; includeInIndex = 0; path = libPods.a; sourceTree = BUILT_PRODUCTS_DIR; };
		A7E604CA1B20A3DF000095AB /* ADArtistCell.h */ = {isa = PBXFileReference; fileEncoding = 4; lastKnownFileType = sourcecode.c.h; path = ADArtistCell.h; sourceTree = "<group>"; };
		A7E604CB1B20A3DF000095AB /* ADArtistCell.m */ = {isa = PBXFileReference; fileEncoding = 4; lastKnownFileType = sourcecode.c.objc; path = ADArtistCell.m; sourceTree = "<group>"; };
		A7E604CD1B20A3F7000095AB /* ADAlbumCell.h */ = {isa = PBXFileReference; fileEncoding = 4; lastKnownFileType = sourcecode.c.h; path = ADAlbumCell.h; sourceTree = "<group>"; };
		A7E604CE1B20A3F7000095AB /* ADAlbumCell.m */ = {isa = PBXFileReference; fileEncoding = 4; lastKnownFileType = sourcecode.c.objc; path = ADAlbumCell.m; sourceTree = "<group>"; };
		A7E604D01B20A403000095AB /* ADTrackCell.h */ = {isa = PBXFileReference; fileEncoding = 4; lastKnownFileType = sourcecode.c.h; path = ADTrackCell.h; sourceTree = "<group>"; };
		A7E604D11B20A403000095AB /* ADTrackCell.m */ = {isa = PBXFileReference; fileEncoding = 4; lastKnownFileType = sourcecode.c.objc; path = ADTrackCell.m; sourceTree = "<group>"; };
		A7E88DE11B21BC0C00B9C9AD /* ADLastFMHelper.h */ = {isa = PBXFileReference; fileEncoding = 4; lastKnownFileType = sourcecode.c.h; path = ADLastFMHelper.h; sourceTree = "<group>"; };
		A7E88DE21B21BC0C00B9C9AD /* ADLastFMHelper.m */ = {isa = PBXFileReference; fileEncoding = 4; lastKnownFileType = sourcecode.c.objc; path = ADLastFMHelper.m; sourceTree = "<group>"; };
		A7E88DE41B21C1B500B9C9AD /* ADArtistListFlowLayout.h */ = {isa = PBXFileReference; fileEncoding = 4; lastKnownFileType = sourcecode.c.h; path = ADArtistListFlowLayout.h; sourceTree = "<group>"; };
		A7E88DE51B21C1B500B9C9AD /* ADArtistListFlowLayout.m */ = {isa = PBXFileReference; fileEncoding = 4; lastKnownFileType = sourcecode.c.objc; path = ADArtistListFlowLayout.m; sourceTree = "<group>"; };
		A7E88DE71B21C1C500B9C9AD /* ADArtistDetailFlowLayout.h */ = {isa = PBXFileReference; fileEncoding = 4; lastKnownFileType = sourcecode.c.h; path = ADArtistDetailFlowLayout.h; sourceTree = "<group>"; };
		A7E88DE81B21C1C500B9C9AD /* ADArtistDetailFlowLayout.m */ = {isa = PBXFileReference; fileEncoding = 4; lastKnownFileType = sourcecode.c.objc; path = ADArtistDetailFlowLayout.m; sourceTree = "<group>"; };
		A7EAC4BC1B1EF85F004B8A1F /* Support.h */ = {isa = PBXFileReference; lastKnownFileType = sourcecode.c.h; path = Support.h; sourceTree = "<group>"; };
		A7EAC4BD1B1EFD87004B8A1F /* ADArtist.h */ = {isa = PBXFileReference; fileEncoding = 4; lastKnownFileType = sourcecode.c.h; path = ADArtist.h; sourceTree = "<group>"; };
		A7EAC4BE1B1EFD87004B8A1F /* ADArtist.m */ = {isa = PBXFileReference; fileEncoding = 4; lastKnownFileType = sourcecode.c.objc; path = ADArtist.m; sourceTree = "<group>"; };
		A7EAC4C01B1EFD92004B8A1F /* ADAlbum.h */ = {isa = PBXFileReference; fileEncoding = 4; lastKnownFileType = sourcecode.c.h; path = ADAlbum.h; sourceTree = "<group>"; };
		A7EAC4C11B1EFD92004B8A1F /* ADAlbum.m */ = {isa = PBXFileReference; fileEncoding = 4; lastKnownFileType = sourcecode.c.objc; path = ADAlbum.m; sourceTree = "<group>"; };
		A7EAC4C31B1EFDC7004B8A1F /* ADTrack.h */ = {isa = PBXFileReference; fileEncoding = 4; lastKnownFileType = sourcecode.c.h; path = ADTrack.h; sourceTree = "<group>"; };
		A7EAC4C41B1EFDC7004B8A1F /* ADTrack.m */ = {isa = PBXFileReference; fileEncoding = 4; lastKnownFileType = sourcecode.c.objc; path = ADTrack.m; sourceTree = "<group>"; };
		A7EAC4C71B1F0784004B8A1F /* ADTimeline.h */ = {isa = PBXFileReference; fileEncoding = 4; lastKnownFileType = sourcecode.c.h; path = ADTimeline.h; sourceTree = "<group>"; };
		A7EAC4C81B1F0784004B8A1F /* ADTimeline.m */ = {isa = PBXFileReference; fileEncoding = 4; lastKnownFileType = sourcecode.c.objc; path = ADTimeline.m; sourceTree = "<group>"; };
		A7EAC4CB1B1F0A4D004B8A1F /* ADDataViewProtocol.h */ = {isa = PBXFileReference; lastKnownFileType = sourcecode.c.h; path = ADDataViewProtocol.h; sourceTree = "<group>"; };
		A7EAC4CC1B1F0A4D004B8A1F /* ADViewModelProtocol.h */ = {isa = PBXFileReference; lastKnownFileType = sourcecode.c.h; path = ADViewModelProtocol.h; sourceTree = "<group>"; };
		A7EAC4CD1B1F1FE6004B8A1F /* ADArtistViewModel.h */ = {isa = PBXFileReference; fileEncoding = 4; lastKnownFileType = sourcecode.c.h; path = ADArtistViewModel.h; sourceTree = "<group>"; };
		A7EAC4CE1B1F1FE6004B8A1F /* ADArtistViewModel.m */ = {isa = PBXFileReference; fileEncoding = 4; lastKnownFileType = sourcecode.c.objc; path = ADArtistViewModel.m; sourceTree = "<group>"; };
		A7EAC4D01B1F1FF9004B8A1F /* ADAlbumViewModel.h */ = {isa = PBXFileReference; fileEncoding = 4; lastKnownFileType = sourcecode.c.h; path = ADAlbumViewModel.h; sourceTree = "<group>"; };
		A7EAC4D11B1F1FF9004B8A1F /* ADAlbumViewModel.m */ = {isa = PBXFileReference; fileEncoding = 4; lastKnownFileType = sourcecode.c.objc; path = ADAlbumViewModel.m; sourceTree = "<group>"; };
		A7EAC4D31B1F2009004B8A1F /* ADTrackViewModel.h */ = {isa = PBXFileReference; fileEncoding = 4; lastKnownFileType = sourcecode.c.h; path = ADTrackViewModel.h; sourceTree = "<group>"; };
		A7EAC4D41B1F2009004B8A1F /* ADTrackViewModel.m */ = {isa = PBXFileReference; fileEncoding = 4; lastKnownFileType = sourcecode.c.objc; path = ADTrackViewModel.m; sourceTree = "<group>"; };
		A7EAC4D81B1F2B0D004B8A1F /* MTLModel+Dictionary.h */ = {isa = PBXFileReference; fileEncoding = 4; lastKnownFileType = sourcecode.c.h; path = "MTLModel+Dictionary.h"; sourceTree = "<group>"; };
		A7EAC4D91B1F2B0D004B8A1F /* MTLModel+Dictionary.m */ = {isa = PBXFileReference; fileEncoding = 4; lastKnownFileType = sourcecode.c.objc; path = "MTLModel+Dictionary.m"; sourceTree = "<group>"; };
		A7EAC4DA1B1F2B0D004B8A1F /* MTLModel+JSON.h */ = {isa = PBXFileReference; fileEncoding = 4; lastKnownFileType = sourcecode.c.h; path = "MTLModel+JSON.h"; sourceTree = "<group>"; };
		A7EAC4DB1B1F2B0D004B8A1F /* MTLModel+JSON.m */ = {isa = PBXFileReference; fileEncoding = 4; lastKnownFileType = sourcecode.c.objc; path = "MTLModel+JSON.m"; sourceTree = "<group>"; };
		A7EAC4DF1B1F3B69004B8A1F /* ADFeedNetworkProtocol.h */ = {isa = PBXFileReference; fileEncoding = 4; lastKnownFileType = sourcecode.c.h; path = ADFeedNetworkProtocol.h; sourceTree = "<group>"; };
		A7EAC4E01B1F4081004B8A1F /* ADFeedSubclasses.h */ = {isa = PBXFileReference; fileEncoding = 4; lastKnownFileType = sourcecode.c.h; path = ADFeedSubclasses.h; sourceTree = "<group>"; };
		A7EAC4E11B1F4081004B8A1F /* ADFeedSubclasses.m */ = {isa = PBXFileReference; fileEncoding = 4; lastKnownFileType = sourcecode.c.objc; path = ADFeedSubclasses.m; sourceTree = "<group>"; };
		E99398C4B066154071F4DA4C /* Pods.debug.xcconfig */ = {isa = PBXFileReference; includeInIndex = 1; lastKnownFileType = text.xcconfig; name = Pods.debug.xcconfig; path = "Pods/Target Support Files/Pods/Pods.debug.xcconfig"; sourceTree = "<group>"; };
/* End PBXFileReference section */

/* Begin PBXFrameworksBuildPhase section */
		848532D31B1E42F5001E6DA3 /* Frameworks */ = {
			isa = PBXFrameworksBuildPhase;
			buildActionMask = 2147483647;
			files = (
				453A21D47AEBC8D7A18A342E /* libPods.a in Frameworks */,
			);
			runOnlyForDeploymentPostprocessing = 0;
		};
		848532EC1B1E42F6001E6DA3 /* Frameworks */ = {
			isa = PBXFrameworksBuildPhase;
			buildActionMask = 2147483647;
			files = (
			);
			runOnlyForDeploymentPostprocessing = 0;
		};
/* End PBXFrameworksBuildPhase section */

/* Begin PBXGroup section */
		66DC5F2B9073E723235CB509 /* Pods */ = {
			isa = PBXGroup;
			children = (
				E99398C4B066154071F4DA4C /* Pods.debug.xcconfig */,
				93771067284C48A0C0179DE7 /* Pods.release.xcconfig */,
			);
			name = Pods;
			sourceTree = "<group>";
		};
		848532CD1B1E42F5001E6DA3 = {
			isa = PBXGroup;
			children = (
				848532D81B1E42F5001E6DA3 /* LastFMTestProject */,
				848532F21B1E42F6001E6DA3 /* LastFMTestProjectTests */,
				848532D71B1E42F5001E6DA3 /* Products */,
				66DC5F2B9073E723235CB509 /* Pods */,
				BCC2EBA9CF1B2F18425FB414 /* Frameworks */,
			);
			sourceTree = "<group>";
		};
		848532D71B1E42F5001E6DA3 /* Products */ = {
			isa = PBXGroup;
			children = (
				848532D61B1E42F5001E6DA3 /* LastFMTestProject.app */,
				848532EF1B1E42F6001E6DA3 /* LastFMTestProjectTests.xctest */,
			);
			name = Products;
			sourceTree = "<group>";
		};
		848532D81B1E42F5001E6DA3 /* LastFMTestProject */ = {
			isa = PBXGroup;
			children = (
				8485332B1B23899A001E6DA3 /* UICollectionViewSupport */,
				A7EAC4DE1B1F2B75004B8A1F /* Transitions */,
				A7EAC4CA1B1F085C004B8A1F /* Protocols */,
				848533051B1E43D7001E6DA3 /* Support */,
				848533041B1E43AC001E6DA3 /* App */,
				848533031B1E4362001E6DA3 /* DataSources */,
				A7EAC4C61B1F0745004B8A1F /* NetworkModels */,
				848533021B1E4356001E6DA3 /* ViewModels */,
				848533011B1E4350001E6DA3 /* Views */,
				848533001B1E4349001E6DA3 /* Models */,
				848532FF1B1E433E001E6DA3 /* Controllers */,
				848532E61B1E42F5001E6DA3 /* Images.xcassets */,
				848532E81B1E42F5001E6DA3 /* LaunchScreen.xib */,
				848532D91B1E42F5001E6DA3 /* Supporting Files */,
			);
			path = LastFMTestProject;
			sourceTree = "<group>";
		};
		848532D91B1E42F5001E6DA3 /* Supporting Files */ = {
			isa = PBXGroup;
			children = (
				848532DA1B1E42F5001E6DA3 /* Info.plist */,
				848532DB1B1E42F5001E6DA3 /* main.m */,
			);
			name = "Supporting Files";
			sourceTree = "<group>";
		};
		848532F21B1E42F6001E6DA3 /* LastFMTestProjectTests */ = {
			isa = PBXGroup;
			children = (
				848532F51B1E42F6001E6DA3 /* LastFMTestProjectTests.m */,
				848532F31B1E42F6001E6DA3 /* Supporting Files */,
			);
			path = LastFMTestProjectTests;
			sourceTree = "<group>";
		};
		848532F31B1E42F6001E6DA3 /* Supporting Files */ = {
			isa = PBXGroup;
			children = (
				848532F41B1E42F6001E6DA3 /* Info.plist */,
			);
			name = "Supporting Files";
			sourceTree = "<group>";
		};
		848532FF1B1E433E001E6DA3 /* Controllers */ = {
			isa = PBXGroup;
			children = (
				848532E01B1E42F5001E6DA3 /* ADArtistListViewController.h */,
				848532E11B1E42F5001E6DA3 /* ADArtistListViewController.m */,
				848533071B1E47EA001E6DA3 /* ADArtistDetailViewController.h */,
				848533081B1E47EA001E6DA3 /* ADArtistDetailViewController.m */,
				8485330A1B1E4823001E6DA3 /* ADAlbumViewController.h */,
				8485330B1B1E4823001E6DA3 /* ADAlbumViewController.m */,
			);
			path = Controllers;
			sourceTree = "<group>";
		};
		848533001B1E4349001E6DA3 /* Models */ = {
			isa = PBXGroup;
			children = (
				848533191B1E4D3E001E6DA3 /* ADModels.h */,
				A7EAC4BD1B1EFD87004B8A1F /* ADArtist.h */,
				A7EAC4BE1B1EFD87004B8A1F /* ADArtist.m */,
				A7EAC4C01B1EFD92004B8A1F /* ADAlbum.h */,
				A7EAC4C11B1EFD92004B8A1F /* ADAlbum.m */,
				A7EAC4C31B1EFDC7004B8A1F /* ADTrack.h */,
				A7EAC4C41B1EFDC7004B8A1F /* ADTrack.m */,
				A7E88DE11B21BC0C00B9C9AD /* ADLastFMHelper.h */,
				A7E88DE21B21BC0C00B9C9AD /* ADLastFMHelper.m */,
			);
			path = Models;
			sourceTree = "<group>";
		};
		848533011B1E4350001E6DA3 /* Views */ = {
			isa = PBXGroup;
			children = (
				A7EAC4D61B1F29E1004B8A1F /* Cells */,
				848533381B239976001E6DA3 /* ADAlbumCoverHeaderView.h */,
				848533391B239976001E6DA3 /* ADAlbumCoverHeaderView.m */,
			);
			path = Views;
			sourceTree = "<group>";
		};
		848533021B1E4356001E6DA3 /* ViewModels */ = {
			isa = PBXGroup;
			children = (
				8485331A1B1E4D49001E6DA3 /* ADViewModels.h */,
				A7EAC4CD1B1F1FE6004B8A1F /* ADArtistViewModel.h */,
				A7EAC4CE1B1F1FE6004B8A1F /* ADArtistViewModel.m */,
				A7EAC4D01B1F1FF9004B8A1F /* ADAlbumViewModel.h */,
				A7EAC4D11B1F1FF9004B8A1F /* ADAlbumViewModel.m */,
				A7EAC4D31B1F2009004B8A1F /* ADTrackViewModel.h */,
				A7EAC4D41B1F2009004B8A1F /* ADTrackViewModel.m */,
				848533251B2249AB001E6DA3 /* ADImageHelper.h */,
				848533261B2249AB001E6DA3 /* ADImageHelper.m */,
			);
			path = ViewModels;
			sourceTree = "<group>";
		};
		848533031B1E4362001E6DA3 /* DataSources */ = {
			isa = PBXGroup;
			children = (
				8485331B1B1E4E20001E6DA3 /* ADBaseDataSource.h */,
				8485331C1B1E4E20001E6DA3 /* ADBaseDataSource.m */,
				8485331E1B1E4EAD001E6DA3 /* ADCollectionViewDataSource.h */,
				8485331F1B1E4EAD001E6DA3 /* ADCollectionViewDataSource.m */,
			);
			path = DataSources;
			sourceTree = "<group>";
		};
		848533041B1E43AC001E6DA3 /* App */ = {
			isa = PBXGroup;
			children = (
				848532DD1B1E42F5001E6DA3 /* AppDelegate.h */,
				848532DE1B1E42F5001E6DA3 /* AppDelegate.m */,
			);
			path = App;
			sourceTree = "<group>";
		};
		848533051B1E43D7001E6DA3 /* Support */ = {
			isa = PBXGroup;
			children = (
				848533211B1E4F13001E6DA3 /* Types.h */,
				848533131B1E4C07001E6DA3 /* Constants.h */,
				848533141B1E4C07001E6DA3 /* Constants.m */,
				A7EAC4BC1B1EF85F004B8A1F /* Support.h */,
				848533061B1E4411001E6DA3 /* API */,
				A7EAC4D71B1F2AE4004B8A1F /* Categories */,
			);
			path = Support;
			sourceTree = "<group>";
		};
		848533061B1E4411001E6DA3 /* API */ = {
			isa = PBXGroup;
			children = (
				A7EAC4E31B1F5149004B8A1F /* Responses */,
				8485330D1B1E49E2001E6DA3 /* ADAPIClient.h */,
				8485330E1B1E49E2001E6DA3 /* ADAPIClient.m */,
				848533101B1E4AAC001E6DA3 /* ADAPIClient+Stubs.h */,
				848533111B1E4AAC001E6DA3 /* ADAPIClient+Stubs.m */,
				848533161B1E4CCA001E6DA3 /* ADNetworkConstants.h */,
				848533171B1E4CCA001E6DA3 /* ADNetworkConstants.m */,
			);
			path = API;
			sourceTree = "<group>";
		};
		8485332B1B23899A001E6DA3 /* UICollectionViewSupport */ = {
			isa = PBXGroup;
			children = (
				8485332D1B238A07001E6DA3 /* LayoutMetrics */,
				A7E604C91B20A0DA000095AB /* CollectionViewLayouts */,
			);
			path = UICollectionViewSupport;
			sourceTree = "<group>";
		};
		8485332D1B238A07001E6DA3 /* LayoutMetrics */ = {
			isa = PBXGroup;
			children = (
				8485332E1B238A32001E6DA3 /* ADCellLayoutMetrics.h */,
				8485332F1B238A32001E6DA3 /* ADCellLayoutMetrics.m */,
				848533301B238A32001E6DA3 /* ADLayoutMetrics.h */,
				848533311B238A32001E6DA3 /* ADLayoutMetrics.m */,
				848533321B238A32001E6DA3 /* ADSupplementaryLayoutMetrics.h */,
				848533331B238A32001E6DA3 /* ADSupplementaryLayoutMetrics.m */,
				848533371B238CCF001E6DA3 /* ADCollectionViewMetrics.h */,
			);
			path = LayoutMetrics;
			sourceTree = "<group>";
		};
		A7E604C91B20A0DA000095AB /* CollectionViewLayouts */ = {
			isa = PBXGroup;
			children = (
				A7E88DE41B21C1B500B9C9AD /* ADArtistListFlowLayout.h */,
				A7E88DE51B21C1B500B9C9AD /* ADArtistListFlowLayout.m */,
				A7E88DE71B21C1C500B9C9AD /* ADArtistDetailFlowLayout.h */,
				A7E88DE81B21C1C500B9C9AD /* ADArtistDetailFlowLayout.m */,
				848533281B236AA4001E6DA3 /* ADAlbumDetailFlowLayout.h */,
				848533291B236AA4001E6DA3 /* ADAlbumDetailFlowLayout.m */,
			);
			name = CollectionViewLayouts;
			path = UICollectionViewLayouts;
			sourceTree = "<group>";
		};
		A7EAC4C61B1F0745004B8A1F /* NetworkModels */ = {
			isa = PBXGroup;
			children = (
				A7EAC4C71B1F0784004B8A1F /* ADTimeline.h */,
				A7EAC4C81B1F0784004B8A1F /* ADTimeline.m */,
				A7EAC4E01B1F4081004B8A1F /* ADFeedSubclasses.h */,
				A7EAC4E11B1F4081004B8A1F /* ADFeedSubclasses.m */,
			);
			path = NetworkModels;
			sourceTree = "<group>";
		};
		A7EAC4CA1B1F085C004B8A1F /* Protocols */ = {
			isa = PBXGroup;
			children = (
				A7EAC4CB1B1F0A4D004B8A1F /* ADDataViewProtocol.h */,
				A7EAC4CC1B1F0A4D004B8A1F /* ADViewModelProtocol.h */,
				A7EAC4DF1B1F3B69004B8A1F /* ADFeedNetworkProtocol.h */,
			);
			path = Protocols;
			sourceTree = "<group>";
		};
		A7EAC4D61B1F29E1004B8A1F /* Cells */ = {
			isa = PBXGroup;
			children = (
				A7E604CA1B20A3DF000095AB /* ADArtistCell.h */,
				A7E604CB1B20A3DF000095AB /* ADArtistCell.m */,
				A7E604CD1B20A3F7000095AB /* ADAlbumCell.h */,
				A7E604CE1B20A3F7000095AB /* ADAlbumCell.m */,
				A7E604D01B20A403000095AB /* ADTrackCell.h */,
				A7E604D11B20A403000095AB /* ADTrackCell.m */,
			);
			path = Cells;
			sourceTree = "<group>";
		};
		A7EAC4D71B1F2AE4004B8A1F /* Categories */ = {
			isa = PBXGroup;
			children = (
				A7EAC4D81B1F2B0D004B8A1F /* MTLModel+Dictionary.h */,
				A7EAC4D91B1F2B0D004B8A1F /* MTLModel+Dictionary.m */,
				A7EAC4DA1B1F2B0D004B8A1F /* MTLModel+JSON.h */,
				A7EAC4DB1B1F2B0D004B8A1F /* MTLModel+JSON.m */,
			);
			path = Categories;
			sourceTree = "<group>";
		};
		A7EAC4DE1B1F2B75004B8A1F /* Transitions */ = {
			isa = PBXGroup;
			children = (
			);
			path = Transitions;
			sourceTree = "<group>";
		};
		A7EAC4E31B1F5149004B8A1F /* Responses */ = {
			isa = PBXGroup;
			children = (
			);
			path = Responses;
			sourceTree = "<group>";
		};
		BCC2EBA9CF1B2F18425FB414 /* Frameworks */ = {
			isa = PBXGroup;
			children = (
				988DA25D5CD9476392BE3886 /* libPods.a */,
			);
			name = Frameworks;
			sourceTree = "<group>";
		};
/* End PBXGroup section */

/* Begin PBXNativeTarget section */
		848532D51B1E42F5001E6DA3 /* LastFMTestProject */ = {
			isa = PBXNativeTarget;
			buildConfigurationList = 848532F91B1E42F6001E6DA3 /* Build configuration list for PBXNativeTarget "LastFMTestProject" */;
			buildPhases = (
				2FC95A35E2FFD8A24ED71A2B /* Check Pods Manifest.lock */,
				848532D21B1E42F5001E6DA3 /* Sources */,
				848532D31B1E42F5001E6DA3 /* Frameworks */,
				848532D41B1E42F5001E6DA3 /* Resources */,
				6D26E6A85ADEBCCCEE8358BC /* Copy Pods Resources */,
			);
			buildRules = (
			);
			dependencies = (
			);
			name = LastFMTestProject;
			productName = LastFMTestProject;
			productReference = 848532D61B1E42F5001E6DA3 /* LastFMTestProject.app */;
			productType = "com.apple.product-type.application";
		};
		848532EE1B1E42F6001E6DA3 /* LastFMTestProjectTests */ = {
			isa = PBXNativeTarget;
			buildConfigurationList = 848532FC1B1E42F6001E6DA3 /* Build configuration list for PBXNativeTarget "LastFMTestProjectTests" */;
			buildPhases = (
				848532EB1B1E42F6001E6DA3 /* Sources */,
				848532EC1B1E42F6001E6DA3 /* Frameworks */,
				848532ED1B1E42F6001E6DA3 /* Resources */,
			);
			buildRules = (
			);
			dependencies = (
				848532F11B1E42F6001E6DA3 /* PBXTargetDependency */,
			);
			name = LastFMTestProjectTests;
			productName = LastFMTestProjectTests;
			productReference = 848532EF1B1E42F6001E6DA3 /* LastFMTestProjectTests.xctest */;
			productType = "com.apple.product-type.bundle.unit-test";
		};
/* End PBXNativeTarget section */

/* Begin PBXProject section */
		848532CE1B1E42F5001E6DA3 /* Project object */ = {
			isa = PBXProject;
			attributes = {
				LastUpgradeCheck = 0630;
				ORGANIZATIONNAME = trolmark;
				TargetAttributes = {
					848532D51B1E42F5001E6DA3 = {
						CreatedOnToolsVersion = 6.3.2;
					};
					848532EE1B1E42F6001E6DA3 = {
						CreatedOnToolsVersion = 6.3.2;
						TestTargetID = 848532D51B1E42F5001E6DA3;
					};
				};
			};
			buildConfigurationList = 848532D11B1E42F5001E6DA3 /* Build configuration list for PBXProject "LastFMTestProject" */;
			compatibilityVersion = "Xcode 3.2";
			developmentRegion = English;
			hasScannedForEncodings = 0;
			knownRegions = (
				en,
				Base,
			);
			mainGroup = 848532CD1B1E42F5001E6DA3;
			productRefGroup = 848532D71B1E42F5001E6DA3 /* Products */;
			projectDirPath = "";
			projectRoot = "";
			targets = (
				848532D51B1E42F5001E6DA3 /* LastFMTestProject */,
				848532EE1B1E42F6001E6DA3 /* LastFMTestProjectTests */,
			);
		};
/* End PBXProject section */

/* Begin PBXResourcesBuildPhase section */
		848532D41B1E42F5001E6DA3 /* Resources */ = {
			isa = PBXResourcesBuildPhase;
			buildActionMask = 2147483647;
			files = (
				848532EA1B1E42F5001E6DA3 /* LaunchScreen.xib in Resources */,
				848532E71B1E42F5001E6DA3 /* Images.xcassets in Resources */,
			);
			runOnlyForDeploymentPostprocessing = 0;
		};
		848532ED1B1E42F6001E6DA3 /* Resources */ = {
			isa = PBXResourcesBuildPhase;
			buildActionMask = 2147483647;
			files = (
			);
			runOnlyForDeploymentPostprocessing = 0;
		};
/* End PBXResourcesBuildPhase section */

/* Begin PBXShellScriptBuildPhase section */
		2FC95A35E2FFD8A24ED71A2B /* Check Pods Manifest.lock */ = {
			isa = PBXShellScriptBuildPhase;
			buildActionMask = 2147483647;
			files = (
			);
			inputPaths = (
			);
			name = "Check Pods Manifest.lock";
			outputPaths = (
			);
			runOnlyForDeploymentPostprocessing = 0;
			shellPath = /bin/sh;
			shellScript = "diff \"${PODS_ROOT}/../Podfile.lock\" \"${PODS_ROOT}/Manifest.lock\" > /dev/null\nif [[ $? != 0 ]] ; then\n    cat << EOM\nerror: The sandbox is not in sync with the Podfile.lock. Run 'pod install' or update your CocoaPods installation.\nEOM\n    exit 1\nfi\n";
			showEnvVarsInLog = 0;
		};
		6D26E6A85ADEBCCCEE8358BC /* Copy Pods Resources */ = {
			isa = PBXShellScriptBuildPhase;
			buildActionMask = 2147483647;
			files = (
			);
			inputPaths = (
			);
			name = "Copy Pods Resources";
			outputPaths = (
			);
			runOnlyForDeploymentPostprocessing = 0;
			shellPath = /bin/sh;
			shellScript = "\"${SRCROOT}/Pods/Target Support Files/Pods/Pods-resources.sh\"\n";
			showEnvVarsInLog = 0;
		};
/* End PBXShellScriptBuildPhase section */

/* Begin PBXSourcesBuildPhase section */
		848532D21B1E42F5001E6DA3 /* Sources */ = {
			isa = PBXSourcesBuildPhase;
			buildActionMask = 2147483647;
			files = (
				848533341B238A32001E6DA3 /* ADCellLayoutMetrics.m in Sources */,
				8485331D1B1E4E20001E6DA3 /* ADBaseDataSource.m in Sources */,
				A7E88DE91B21C1C500B9C9AD /* ADArtistDetailFlowLayout.m in Sources */,
				A7EAC4D51B1F2009004B8A1F /* ADTrackViewModel.m in Sources */,
				A7E604D21B20A403000095AB /* ADTrackCell.m in Sources */,
				A7EAC4BF1B1EFD87004B8A1F /* ADArtist.m in Sources */,
				A7EAC4C51B1EFDC7004B8A1F /* ADTrack.m in Sources */,
				A7EAC4C21B1EFD92004B8A1F /* ADAlbum.m in Sources */,
				8485330C1B1E4823001E6DA3 /* ADAlbumViewController.m in Sources */,
				848533271B2249AB001E6DA3 /* ADImageHelper.m in Sources */,
				A7EAC4DC1B1F2B0D004B8A1F /* MTLModel+Dictionary.m in Sources */,
				8485332A1B236AA4001E6DA3 /* ADAlbumDetailFlowLayout.m in Sources */,
				848532E21B1E42F5001E6DA3 /* ADArtistListViewController.m in Sources */,
				A7E604CF1B20A3F7000095AB /* ADAlbumCell.m in Sources */,
				A7EAC4CF1B1F1FE6004B8A1F /* ADArtistViewModel.m in Sources */,
				8485330F1B1E49E2001E6DA3 /* ADAPIClient.m in Sources */,
				848533181B1E4CCA001E6DA3 /* ADNetworkConstants.m in Sources */,
				A7EAC4E21B1F4081004B8A1F /* ADFeedSubclasses.m in Sources */,
				848533151B1E4C07001E6DA3 /* Constants.m in Sources */,
				A7E88DE31B21BC0C00B9C9AD /* ADLastFMHelper.m in Sources */,
				848532DF1B1E42F5001E6DA3 /* AppDelegate.m in Sources */,
				A7EAC4C91B1F0784004B8A1F /* ADTimeline.m in Sources */,
				A7E604CC1B20A3DF000095AB /* ADArtistCell.m in Sources */,
				A7E88DE61B21C1B500B9C9AD /* ADArtistListFlowLayout.m in Sources */,
				848532DC1B1E42F5001E6DA3 /* main.m in Sources */,
				A7EAC4D21B1F1FF9004B8A1F /* ADAlbumViewModel.m in Sources */,
				848533361B238A32001E6DA3 /* ADSupplementaryLayoutMetrics.m in Sources */,
				848533091B1E47EA001E6DA3 /* ADArtistDetailViewController.m in Sources */,
				A7EAC4DD1B1F2B0D004B8A1F /* MTLModel+JSON.m in Sources */,
				8485333A1B239976001E6DA3 /* ADAlbumCoverHeaderView.m in Sources */,
				848533121B1E4AAC001E6DA3 /* ADAPIClient+Stubs.m in Sources */,
				848533351B238A32001E6DA3 /* ADLayoutMetrics.m in Sources */,
				848533201B1E4EAD001E6DA3 /* ADCollectionViewDataSource.m in Sources */,
			);
			runOnlyForDeploymentPostprocessing = 0;
		};
		848532EB1B1E42F6001E6DA3 /* Sources */ = {
			isa = PBXSourcesBuildPhase;
			buildActionMask = 2147483647;
			files = (
				848532F61B1E42F6001E6DA3 /* LastFMTestProjectTests.m in Sources */,
			);
			runOnlyForDeploymentPostprocessing = 0;
		};
/* End PBXSourcesBuildPhase section */

/* Begin PBXTargetDependency section */
		848532F11B1E42F6001E6DA3 /* PBXTargetDependency */ = {
			isa = PBXTargetDependency;
			target = 848532D51B1E42F5001E6DA3 /* LastFMTestProject */;
			targetProxy = 848532F01B1E42F6001E6DA3 /* PBXContainerItemProxy */;
		};
/* End PBXTargetDependency section */

/* Begin PBXVariantGroup section */
		848532E81B1E42F5001E6DA3 /* LaunchScreen.xib */ = {
			isa = PBXVariantGroup;
			children = (
				848532E91B1E42F5001E6DA3 /* Base */,
			);
			name = LaunchScreen.xib;
			sourceTree = "<group>";
		};
/* End PBXVariantGroup section */

/* Begin XCBuildConfiguration section */
		848532F71B1E42F6001E6DA3 /* Debug */ = {
			isa = XCBuildConfiguration;
			buildSettings = {
				ALWAYS_SEARCH_USER_PATHS = NO;
				CLANG_CXX_LANGUAGE_STANDARD = "gnu++0x";
				CLANG_CXX_LIBRARY = "libc++";
				CLANG_ENABLE_MODULES = YES;
				CLANG_ENABLE_OBJC_ARC = YES;
				CLANG_WARN_BOOL_CONVERSION = YES;
				CLANG_WARN_CONSTANT_CONVERSION = YES;
				CLANG_WARN_DIRECT_OBJC_ISA_USAGE = YES_ERROR;
				CLANG_WARN_EMPTY_BODY = YES;
				CLANG_WARN_ENUM_CONVERSION = YES;
				CLANG_WARN_INT_CONVERSION = YES;
				CLANG_WARN_OBJC_ROOT_CLASS = YES_ERROR;
				CLANG_WARN_UNREACHABLE_CODE = YES;
				CLANG_WARN__DUPLICATE_METHOD_MATCH = YES;
				"CODE_SIGN_IDENTITY[sdk=iphoneos*]" = "iPhone Developer";
				COPY_PHASE_STRIP = NO;
				DEBUG_INFORMATION_FORMAT = "dwarf-with-dsym";
				ENABLE_STRICT_OBJC_MSGSEND = YES;
				GCC_C_LANGUAGE_STANDARD = gnu99;
				GCC_DYNAMIC_NO_PIC = NO;
				GCC_NO_COMMON_BLOCKS = YES;
				GCC_OPTIMIZATION_LEVEL = 0;
				GCC_PREPROCESSOR_DEFINITIONS = (
					"DEBUG=1",
					"$(inherited)",
				);
				GCC_SYMBOLS_PRIVATE_EXTERN = NO;
				GCC_WARN_64_TO_32_BIT_CONVERSION = YES;
				GCC_WARN_ABOUT_RETURN_TYPE = YES_ERROR;
				GCC_WARN_UNDECLARED_SELECTOR = YES;
				GCC_WARN_UNINITIALIZED_AUTOS = YES_AGGRESSIVE;
				GCC_WARN_UNUSED_FUNCTION = YES;
				GCC_WARN_UNUSED_VARIABLE = YES;
				IPHONEOS_DEPLOYMENT_TARGET = 8.3;
				MTL_ENABLE_DEBUG_INFO = YES;
				ONLY_ACTIVE_ARCH = YES;
				SDKROOT = iphoneos;
			};
			name = Debug;
		};
		848532F81B1E42F6001E6DA3 /* Release */ = {
			isa = XCBuildConfiguration;
			buildSettings = {
				ALWAYS_SEARCH_USER_PATHS = NO;
				CLANG_CXX_LANGUAGE_STANDARD = "gnu++0x";
				CLANG_CXX_LIBRARY = "libc++";
				CLANG_ENABLE_MODULES = YES;
				CLANG_ENABLE_OBJC_ARC = YES;
				CLANG_WARN_BOOL_CONVERSION = YES;
				CLANG_WARN_CONSTANT_CONVERSION = YES;
				CLANG_WARN_DIRECT_OBJC_ISA_USAGE = YES_ERROR;
				CLANG_WARN_EMPTY_BODY = YES;
				CLANG_WARN_ENUM_CONVERSION = YES;
				CLANG_WARN_INT_CONVERSION = YES;
				CLANG_WARN_OBJC_ROOT_CLASS = YES_ERROR;
				CLANG_WARN_UNREACHABLE_CODE = YES;
				CLANG_WARN__DUPLICATE_METHOD_MATCH = YES;
				"CODE_SIGN_IDENTITY[sdk=iphoneos*]" = "iPhone Developer";
				COPY_PHASE_STRIP = NO;
				DEBUG_INFORMATION_FORMAT = "dwarf-with-dsym";
				ENABLE_NS_ASSERTIONS = NO;
				ENABLE_STRICT_OBJC_MSGSEND = YES;
				GCC_C_LANGUAGE_STANDARD = gnu99;
				GCC_NO_COMMON_BLOCKS = YES;
				GCC_WARN_64_TO_32_BIT_CONVERSION = YES;
				GCC_WARN_ABOUT_RETURN_TYPE = YES_ERROR;
				GCC_WARN_UNDECLARED_SELECTOR = YES;
				GCC_WARN_UNINITIALIZED_AUTOS = YES_AGGRESSIVE;
				GCC_WARN_UNUSED_FUNCTION = YES;
				GCC_WARN_UNUSED_VARIABLE = YES;
				IPHONEOS_DEPLOYMENT_TARGET = 8.3;
				MTL_ENABLE_DEBUG_INFO = NO;
				SDKROOT = iphoneos;
				VALIDATE_PRODUCT = YES;
			};
			name = Release;
		};
		848532FA1B1E42F6001E6DA3 /* Debug */ = {
			isa = XCBuildConfiguration;
			baseConfigurationReference = E99398C4B066154071F4DA4C /* Pods.debug.xcconfig */;
			buildSettings = {
				ASSETCATALOG_COMPILER_APPICON_NAME = AppIcon;
				GCC_PREPROCESSOR_DEFINITIONS = (
					"$(inherited)",
					"COCOAPODS=1",
					TEST_MODE,
				);
				INFOPLIST_FILE = LastFMTestProject/Info.plist;
				LD_RUNPATH_SEARCH_PATHS = "$(inherited) @executable_path/Frameworks";
				PRODUCT_NAME = "$(TARGET_NAME)";
				TEST_MODE = NO;
			};
			name = Debug;
		};
		848532FB1B1E42F6001E6DA3 /* Release */ = {
			isa = XCBuildConfiguration;
			baseConfigurationReference = 93771067284C48A0C0179DE7 /* Pods.release.xcconfig */;
			buildSettings = {
				ASSETCATALOG_COMPILER_APPICON_NAME = AppIcon;
				GCC_PREPROCESSOR_DEFINITIONS = (
					"$(inherited)",
					"COCOAPODS=1",
					TEST_MODE,
				);
				INFOPLIST_FILE = LastFMTestProject/Info.plist;
				LD_RUNPATH_SEARCH_PATHS = "$(inherited) @executable_path/Frameworks";
				PRODUCT_NAME = "$(TARGET_NAME)";
				TEST_MODE = NO;
			};
			name = Release;
		};
		848532FD1B1E42F6001E6DA3 /* Debug */ = {
			isa = XCBuildConfiguration;
			buildSettings = {
				BUNDLE_LOADER = "$(TEST_HOST)";
				FRAMEWORK_SEARCH_PATHS = (
					"$(SDKROOT)/Developer/Library/Frameworks",
					"$(inherited)",
				);
				GCC_PREPROCESSOR_DEFINITIONS = (
					"DEBUG=1",
					"$(inherited)",
				);
				INFOPLIST_FILE = LastFMTestProjectTests/Info.plist;
				LD_RUNPATH_SEARCH_PATHS = "$(inherited) @executable_path/Frameworks @loader_path/Frameworks";
				PRODUCT_NAME = "$(TARGET_NAME)";
				TEST_HOST = "$(BUILT_PRODUCTS_DIR)/LastFMTestProject.app/LastFMTestProject";
			};
			name = Debug;
		};
		848532FE1B1E42F6001E6DA3 /* Release */ = {
			isa = XCBuildConfiguration;
			buildSettings = {
				BUNDLE_LOADER = "$(TEST_HOST)";
				FRAMEWORK_SEARCH_PATHS = (
					"$(SDKROOT)/Developer/Library/Frameworks",
					"$(inherited)",
				);
				INFOPLIST_FILE = LastFMTestProjectTests/Info.plist;
				LD_RUNPATH_SEARCH_PATHS = "$(inherited) @executable_path/Frameworks @loader_path/Frameworks";
				PRODUCT_NAME = "$(TARGET_NAME)";
				TEST_HOST = "$(BUILT_PRODUCTS_DIR)/LastFMTestProject.app/LastFMTestProject";
			};
			name = Release;
		};
/* End XCBuildConfiguration section */

/* Begin XCConfigurationList section */
		848532D11B1E42F5001E6DA3 /* Build configuration list for PBXProject "LastFMTestProject" */ = {
			isa = XCConfigurationList;
			buildConfigurations = (
				848532F71B1E42F6001E6DA3 /* Debug */,
				848532F81B1E42F6001E6DA3 /* Release */,
			);
			defaultConfigurationIsVisible = 0;
			defaultConfigurationName = Release;
		};
		848532F91B1E42F6001E6DA3 /* Build configuration list for PBXNativeTarget "LastFMTestProject" */ = {
			isa = XCConfigurationList;
			buildConfigurations = (
				848532FA1B1E42F6001E6DA3 /* Debug */,
				848532FB1B1E42F6001E6DA3 /* Release */,
			);
			defaultConfigurationIsVisible = 0;
			defaultConfigurationName = Release;
		};
		848532FC1B1E42F6001E6DA3 /* Build configuration list for PBXNativeTarget "LastFMTestProjectTests" */ = {
			isa = XCConfigurationList;
			buildConfigurations = (
				848532FD1B1E42F6001E6DA3 /* Debug */,
				848532FE1B1E42F6001E6DA3 /* Release */,
			);
			defaultConfigurationIsVisible = 0;
			defaultConfigurationName = Release;
		};
/* End XCConfigurationList section */
	};
	rootObject = 848532CE1B1E42F5001E6DA3 /* Project object */;
}
